
Microsoft Visual Studio Solution File, Format Version 12.00
# Visual Studio Version 17
VisualStudioVersion = 17.3.32901.215
MinimumVisualStudioVersion = 10.0.40219.1
Project("{9A19103F-16F7-4668-BE54-9A1E7A4F7556}") = "DataAccessLayer", "DataAccessLayer\DataAccessLayer.csproj", "{311D7BD0-3189-468F-A511-FF04A7EC09F5}"
EndProject
Project("{FAE04EC0-301F-11D3-BF4B-00C04F79EFBC}") = "GroceryAppAPI", "GroceryAppAPI\GroceryAppAPI.csproj", "{5C6CDDA2-1A9C-465C-816E-F8032825DCE8}"
EndProject
Global
	GlobalSection(SolutionConfigurationPlatforms) = preSolution
		Debug|Any CPU = Debug|Any CPU
		Release|Any CPU = Release|Any CPU
	EndGlobalSection
	GlobalSection(ProjectConfigurationPlatforms) = postSolution
		{311D7BD0-3189-468F-A511-FF04A7EC09F5}.Debug|Any CPU.ActiveCfg = Debug|Any CPU
		{311D7BD0-3189-468F-A511-FF04A7EC09F5}.Debug|Any CPU.Build.0 = Debug|Any CPU
		{311D7BD0-3189-468F-A511-FF04A7EC09F5}.Release|Any CPU.ActiveCfg = Release|Any CPU
		{311D7BD0-3189-468F-A511-FF04A7EC09F5}.Release|Any CPU.Build.0 = Release|Any CPU
		{5C6CDDA2-1A9C-465C-816E-F8032825DCE8}.Debug|Any CPU.ActiveCfg = Debug|Any CPU
		{5C6CDDA2-1A9C-465C-816E-F8032825DCE8}.Debug|Any CPU.Build.0 = Debug|Any CPU
		{5C6CDDA2-1A9C-465C-816E-F8032825DCE8}.Release|Any CPU.ActiveCfg = Release|Any CPU
		{5C6CDDA2-1A9C-465C-816E-F8032825DCE8}.Release|Any CPU.Build.0 = Release|Any CPU
	EndGlobalSection
	GlobalSection(SolutionProperties) = preSolution
		HideSolutionNode = FALSE
	EndGlobalSection
	GlobalSection(ExtensibilityGlobals) = postSolution
		SolutionGuid = {3B36D4B2-81D6-447B-B02C-F92358E44918}
	EndGlobalSection
EndGlobal
